// !$*UTF8*$!
{
	archiveVersion = 1;
	classes = {
	};
	objectVersion = 50;
	objects = {

/* Begin PBXBuildFile section */
		63263549251DE1A60015315E /* AppDelegate.swift in Sources */ = {isa = PBXBuildFile; fileRef = 63263548251DE1A60015315E /* AppDelegate.swift */; };
		6326354B251DE1A60015315E /* SceneDelegate.swift in Sources */ = {isa = PBXBuildFile; fileRef = 6326354A251DE1A60015315E /* SceneDelegate.swift */; };
		6326354D251DE1A60015315E /* ViewController.swift in Sources */ = {isa = PBXBuildFile; fileRef = 6326354C251DE1A60015315E /* ViewController.swift */; };
		63263550251DE1A60015315E /* Main.storyboard in Resources */ = {isa = PBXBuildFile; fileRef = 6326354E251DE1A60015315E /* Main.storyboard */; };
		63263552251DE1A90015315E /* Assets.xcassets in Resources */ = {isa = PBXBuildFile; fileRef = 63263551251DE1A90015315E /* Assets.xcassets */; };
		63263555251DE1A90015315E /* LaunchScreen.storyboard in Resources */ = {isa = PBXBuildFile; fileRef = 63263553251DE1A90015315E /* LaunchScreen.storyboard */; };
		6326355D251E0DB50015315E /* GoogleService-Info.plist in Resources */ = {isa = PBXBuildFile; fileRef = 6326355C251E0DB50015315E /* GoogleService-Info.plist */; };
		645F9F53D222B8E5CEE0E35F /* Pods_Sonaeru.framework in Frameworks */ = {isa = PBXBuildFile; fileRef = 84C4D15F006D83D1A01EF7FA /* Pods_Sonaeru.framework */; };
/* End PBXBuildFile section */

/* Begin PBXFileReference section */
		1E72B8362508E3ABD9CEF348 /* Pods-Sonaeru.debug.xcconfig */ = {isa = PBXFileReference; includeInIndex = 1; lastKnownFileType = text.xcconfig; name = "Pods-Sonaeru.debug.xcconfig"; path = "Target Support Files/Pods-Sonaeru/Pods-Sonaeru.debug.xcconfig"; sourceTree = "<group>"; };
		63263545251DE1A60015315E /* Sonaeru.app */ = {isa = PBXFileReference; explicitFileType = wrapper.application; includeInIndex = 0; path = Sonaeru.app; sourceTree = BUILT_PRODUCTS_DIR; };
		63263548251DE1A60015315E /* AppDelegate.swift */ = {isa = PBXFileReference; lastKnownFileType = sourcecode.swift; path = AppDelegate.swift; sourceTree = "<group>"; };
		6326354A251DE1A60015315E /* SceneDelegate.swift */ = {isa = PBXFileReference; lastKnownFileType = sourcecode.swift; path = SceneDelegate.swift; sourceTree = "<group>"; };
		6326354C251DE1A60015315E /* ViewController.swift */ = {isa = PBXFileReference; lastKnownFileType = sourcecode.swift; path = ViewController.swift; sourceTree = "<group>"; };
		6326354F251DE1A60015315E /* Base */ = {isa = PBXFileReference; lastKnownFileType = file.storyboard; name = Base; path = Base.lproj/Main.storyboard; sourceTree = "<group>"; };
		63263551251DE1A90015315E /* Assets.xcassets */ = {isa = PBXFileReference; lastKnownFileType = folder.assetcatalog; path = Assets.xcassets; sourceTree = "<group>"; };
		63263554251DE1A90015315E /* Base */ = {isa = PBXFileReference; lastKnownFileType = file.storyboard; name = Base; path = Base.lproj/LaunchScreen.storyboard; sourceTree = "<group>"; };
		63263556251DE1A90015315E /* Info.plist */ = {isa = PBXFileReference; lastKnownFileType = text.plist.xml; path = Info.plist; sourceTree = "<group>"; };
		6326355C251E0DB50015315E /* GoogleService-Info.plist */ = {isa = PBXFileReference; fileEncoding = 4; lastKnownFileType = text.plist.xml; path = "GoogleService-Info.plist"; sourceTree = "<group>"; };
		84C4D15F006D83D1A01EF7FA /* Pods_Sonaeru.framework */ = {isa = PBXFileReference; explicitFileType = wrapper.framework; includeInIndex = 0; path = Pods_Sonaeru.framework; sourceTree = BUILT_PRODUCTS_DIR; };
		B2067C6CEB60832571E04078 /* Pods-Sonaeru.release.xcconfig */ = {isa = PBXFileReference; includeInIndex = 1; lastKnownFileType = text.xcconfig; name = "Pods-Sonaeru.release.xcconfig"; path = "Target Support Files/Pods-Sonaeru/Pods-Sonaeru.release.xcconfig"; sourceTree = "<group>"; };
/* End PBXFileReference section */

/* Begin PBXFrameworksBuildPhase section */
		63263542251DE1A60015315E /* Frameworks */ = {
			isa = PBXFrameworksBuildPhase;
			buildActionMask = 2147483647;
			files = (
				645F9F53D222B8E5CEE0E35F /* Pods_Sonaeru.framework in Frameworks */,
			);
			runOnlyForDeploymentPostprocessing = 0;
		};
/* End PBXFrameworksBuildPhase section */

/* Begin PBXGroup section */
		6326353C251DE1A60015315E = {
			isa = PBXGroup;
			children = (
				63263547251DE1A60015315E /* Sonaeru */,
				63263546251DE1A60015315E /* Products */,
				E76E91B794F896438C304575 /* Pods */,
				6D795B800C58078A1E0F9B03 /* Frameworks */,
			);
			sourceTree = "<group>";
		};
		63263546251DE1A60015315E /* Products */ = {
			isa = PBXGroup;
			children = (
				63263545251DE1A60015315E /* Sonaeru.app */,
			);
			name = Products;
			sourceTree = "<group>";
		};
		63263547251DE1A60015315E /* Sonaeru */ = {
			isa = PBXGroup;
			children = (
				63263548251DE1A60015315E /* AppDelegate.swift */,
				6326354A251DE1A60015315E /* SceneDelegate.swift */,
				6326354C251DE1A60015315E /* ViewController.swift */,
				6326354E251DE1A60015315E /* Main.storyboard */,
				63263551251DE1A90015315E /* Assets.xcassets */,
				63263553251DE1A90015315E /* LaunchScreen.storyboard */,
				63263556251DE1A90015315E /* Info.plist */,
				6326355C251E0DB50015315E /* GoogleService-Info.plist */,
			);
			path = Sonaeru;
			sourceTree = "<group>";
		};
		6D795B800C58078A1E0F9B03 /* Frameworks */ = {
			isa = PBXGroup;
			children = (
				84C4D15F006D83D1A01EF7FA /* Pods_Sonaeru.framework */,
			);
			name = Frameworks;
			sourceTree = "<group>";
		};
		E76E91B794F896438C304575 /* Pods */ = {
			isa = PBXGroup;
			children = (
				1E72B8362508E3ABD9CEF348 /* Pods-Sonaeru.debug.xcconfig */,
				B2067C6CEB60832571E04078 /* Pods-Sonaeru.release.xcconfig */,
			);
			name = Pods;
			path = Pods;
			sourceTree = "<group>";
		};
/* End PBXGroup section */

/* Begin PBXNativeTarget section */
		63263544251DE1A60015315E /* Sonaeru */ = {
			isa = PBXNativeTarget;
			buildConfigurationList = 63263559251DE1A90015315E /* Build configuration list for PBXNativeTarget "Sonaeru" */;
			buildPhases = (
				9BB334759806D6FE95D78A24 /* [CP] Check Pods Manifest.lock */,
				63263541251DE1A60015315E /* Sources */,
				63263542251DE1A60015315E /* Frameworks */,
				63263543251DE1A60015315E /* Resources */,
				D31E86C6E7E6E0A42B20C591 /* [CP] Embed Pods Frameworks */,
			);
			buildRules = (
			);
			dependencies = (
			);
			name = Sonaeru;
			productName = Sonaeru;
			productReference = 63263545251DE1A60015315E /* Sonaeru.app */;
			productType = "com.apple.product-type.application";
		};
/* End PBXNativeTarget section */

/* Begin PBXProject section */
		6326353D251DE1A60015315E /* Project object */ = {
			isa = PBXProject;
			attributes = {
				LastSwiftUpdateCheck = 1160;
				LastUpgradeCheck = 1160;
				ORGANIZATIONNAME = net.ayumutazawa;
				TargetAttributes = {
					63263544251DE1A60015315E = {
						CreatedOnToolsVersion = 11.6;
					};
				};
			};
			buildConfigurationList = 63263540251DE1A60015315E /* Build configuration list for PBXProject "Sonaeru" */;
			compatibilityVersion = "Xcode 9.3";
			developmentRegion = en;
			hasScannedForEncodings = 0;
			knownRegions = (
				en,
				Base,
			);
			mainGroup = 6326353C251DE1A60015315E;
			productRefGroup = 63263546251DE1A60015315E /* Products */;
			projectDirPath = "";
			projectRoot = "";
			targets = (
				63263544251DE1A60015315E /* Sonaeru */,
			);
		};
/* End PBXProject section */

/* Begin PBXResourcesBuildPhase section */
		63263543251DE1A60015315E /* Resources */ = {
			isa = PBXResourcesBuildPhase;
			buildActionMask = 2147483647;
			files = (
				63263555251DE1A90015315E /* LaunchScreen.storyboard in Resources */,
				6326355D251E0DB50015315E /* GoogleService-Info.plist in Resources */,
				63263552251DE1A90015315E /* Assets.xcassets in Resources */,
				63263550251DE1A60015315E /* Main.storyboard in Resources */,
			);
			runOnlyForDeploymentPostprocessing = 0;
		};
/* End PBXResourcesBuildPhase section */

/* Begin PBXShellScriptBuildPhase section */
		9BB334759806D6FE95D78A24 /* [CP] Check Pods Manifest.lock */ = {
			isa = PBXShellScriptBuildPhase;
			buildActionMask = 2147483647;
			files = (
			);
			inputFileListPaths = (
			);
			inputPaths = (
				"${PODS_PODFILE_DIR_PATH}/Podfile.lock",
				"${PODS_ROOT}/Manifest.lock",
			);
			name = "[CP] Check Pods Manifest.lock";
			outputFileListPaths = (
			);
			outputPaths = (
				"$(DERIVED_FILE_DIR)/Pods-Sonaeru-checkManifestLockResult.txt",
			);
			runOnlyForDeploymentPostprocessing = 0;
			shellPath = /bin/sh;
			shellScript = "diff \"${PODS_PODFILE_DIR_PATH}/Podfile.lock\" \"${PODS_ROOT}/Manifest.lock\" > /dev/null\nif [ $? != 0 ] ; then\n    # print error to STDERR\n    echo \"error: The sandbox is not in sync with the Podfile.lock. Run 'pod install' or update your CocoaPods installation.\" >&2\n    exit 1\nfi\n# This output is used by Xcode 'outputs' to avoid re-running this script phase.\necho \"SUCCESS\" > \"${SCRIPT_OUTPUT_FILE_0}\"\n";
			showEnvVarsInLog = 0;
		};
		D31E86C6E7E6E0A42B20C591 /* [CP] Embed Pods Frameworks */ = {
			isa = PBXShellScriptBuildPhase;
			buildActionMask = 2147483647;
			files = (
			);
			inputFileListPaths = (
				"${PODS_ROOT}/Target Support Files/Pods-Sonaeru/Pods-Sonaeru-frameworks-${CONFIGURATION}-input-files.xcfilelist",
			);
			name = "[CP] Embed Pods Frameworks";
			outputFileListPaths = (
				"${PODS_ROOT}/Target Support Files/Pods-Sonaeru/Pods-Sonaeru-frameworks-${CONFIGURATION}-output-files.xcfilelist",
			);
			runOnlyForDeploymentPostprocessing = 0;
			shellPath = /bin/sh;
			shellScript = "\"${PODS_ROOT}/Target Support Files/Pods-Sonaeru/Pods-Sonaeru-frameworks.sh\"\n";
			showEnvVarsInLog = 0;
		};
/* End PBXShellScriptBuildPhase section */

/* Begin PBXSourcesBuildPhase section */
		63263541251DE1A60015315E /* Sources */ = {
			isa = PBXSourcesBuildPhase;
			buildActionMask = 2147483647;
			files = (
				6326354D251DE1A60015315E /* ViewController.swift in Sources */,
				63263549251DE1A60015315E /* AppDelegate.swift in Sources */,
				6326354B251DE1A60015315E /* SceneDelegate.swift in Sources */,
			);
			runOnlyForDeploymentPostprocessing = 0;
		};
/* End PBXSourcesBuildPhase section */

/* Begin PBXVariantGroup section */
		6326354E251DE1A60015315E /* Main.storyboard */ = {
			isa = PBXVariantGroup;
			children = (
				6326354F251DE1A60015315E /* Base */,
			);
			name = Main.storyboard;
			sourceTree = "<group>";
		};
		63263553251DE1A90015315E /* LaunchScreen.storyboard */ = {
			isa = PBXVariantGroup;
			children = (
				63263554251DE1A90015315E /* Base */,
			);
			name = LaunchScreen.storyboard;
			sourceTree = "<group>";
		};
/* End PBXVariantGroup section */

/* Begin XCBuildConfiguration section */
		63263557251DE1A90015315E /* Debug */ = {
			isa = XCBuildConfiguration;
			buildSettings = {
				ALWAYS_SEARCH_USER_PATHS = NO;
				CLANG_ANALYZER_NONNULL = YES;
				CLANG_ANALYZER_NUMBER_OBJECT_CONVERSION = YES_AGGRESSIVE;
				CLANG_CXX_LANGUAGE_STANDARD = "gnu++14";
				CLANG_CXX_LIBRARY = "libc++";
				CLANG_ENABLE_MODULES = YES;
				CLANG_ENABLE_OBJC_ARC = YES;
				CLANG_ENABLE_OBJC_WEAK = YES;
				CLANG_WARN_BLOCK_CAPTURE_AUTORELEASING = YES;
				CLANG_WARN_BOOL_CONVERSION = YES;
				CLANG_WARN_COMMA = YES;
				CLANG_WARN_CONSTANT_CONVERSION = YES;
				CLANG_WARN_DEPRECATED_OBJC_IMPLEMENTATIONS = YES;
				CLANG_WARN_DIRECT_OBJC_ISA_USAGE = YES_ERROR;
				CLANG_WARN_DOCUMENTATION_COMMENTS = YES;
				CLANG_WARN_EMPTY_BODY = YES;
				CLANG_WARN_ENUM_CONVERSION = YES;
				CLANG_WARN_INFINITE_RECURSION = YES;
				CLANG_WARN_INT_CONVERSION = YES;
				CLANG_WARN_NON_LITERAL_NULL_CONVERSION = YES;
				CLANG_WARN_OBJC_IMPLICIT_RETAIN_SELF = YES;
				CLANG_WARN_OBJC_LITERAL_CONVERSION = YES;
				CLANG_WARN_OBJC_ROOT_CLASS = YES_ERROR;
				CLANG_WARN_RANGE_LOOP_ANALYSIS = YES;
				CLANG_WARN_STRICT_PROTOTYPES = YES;
				CLANG_WARN_SUSPICIOUS_MOVE = YES;
				CLANG_WARN_UNGUARDED_AVAILABILITY = YES_AGGRESSIVE;
				CLANG_WARN_UNREACHABLE_CODE = YES;
				CLANG_WARN__DUPLICATE_METHOD_MATCH = YES;
				COPY_PHASE_STRIP = NO;
				DEBUG_INFORMATION_FORMAT = dwarf;
				ENABLE_STRICT_OBJC_MSGSEND = YES;
				ENABLE_TESTABILITY = YES;
				GCC_C_LANGUAGE_STANDARD = gnu11;
				GCC_DYNAMIC_NO_PIC = NO;
				GCC_NO_COMMON_BLOCKS = YES;
				GCC_OPTIMIZATION_LEVEL = 0;
				GCC_PREPROCESSOR_DEFINITIONS = (
					"DEBUG=1",
					"$(inherited)",
				);
				GCC_WARN_64_TO_32_BIT_CONVERSION = YES;
				GCC_WARN_ABOUT_RETURN_TYPE = YES_ERROR;
				GCC_WARN_UNDECLARED_SELECTOR = YES;
				GCC_WARN_UNINITIALIZED_AUTOS = YES_AGGRESSIVE;
				GCC_WARN_UNUSED_FUNCTION = YES;
				GCC_WARN_UNUSED_VARIABLE = YES;
				IPHONEOS_DEPLOYMENT_TARGET = 13.6;
				MTL_ENABLE_DEBUG_INFO = INCLUDE_SOURCE;
				MTL_FAST_MATH = YES;
				ONLY_ACTIVE_ARCH = YES;
				SDKROOT = iphoneos;
				SWIFT_ACTIVE_COMPILATION_CONDITIONS = DEBUG;
				SWIFT_OPTIMIZATION_LEVEL = "-Onone";
			};
			name = Debug;
		};
		63263558251DE1A90015315E /* Release */ = {
			isa = XCBuildConfiguration;
			buildSettings = {
				ALWAYS_SEARCH_USER_PATHS = NO;
				CLANG_ANALYZER_NONNULL = YES;
				CLANG_ANALYZER_NUMBER_OBJECT_CONVERSION = YES_AGGRESSIVE;
				CLANG_CXX_LANGUAGE_STANDARD = "gnu++14";
				CLANG_CXX_LIBRARY = "libc++";
				CLANG_ENABLE_MODULES = YES;
				CLANG_ENABLE_OBJC_ARC = YES;
				CLANG_ENABLE_OBJC_WEAK = YES;
				CLANG_WARN_BLOCK_CAPTURE_AUTORELEASING = YES;
				CLANG_WARN_BOOL_CONVERSION = YES;
				CLANG_WARN_COMMA = YES;
				CLANG_WARN_CONSTANT_CONVERSION = YES;
				CLANG_WARN_DEPRECATED_OBJC_IMPLEMENTATIONS = YES;
				CLANG_WARN_DIRECT_OBJC_ISA_USAGE = YES_ERROR;
				CLANG_WARN_DOCUMENTATION_COMMENTS = YES;
				CLANG_WARN_EMPTY_BODY = YES;
				CLANG_WARN_ENUM_CONVERSION = YES;
				CLANG_WARN_INFINITE_RECURSION = YES;
				CLANG_WARN_INT_CONVERSION = YES;
				CLANG_WARN_NON_LITERAL_NULL_CONVERSION = YES;
				CLANG_WARN_OBJC_IMPLICIT_RETAIN_SELF = YES;
				CLANG_WARN_OBJC_LITERAL_CONVERSION = YES;
				CLANG_WARN_OBJC_ROOT_CLASS = YES_ERROR;
				CLANG_WARN_RANGE_LOOP_ANALYSIS = YES;
				CLANG_WARN_STRICT_PROTOTYPES = YES;
				CLANG_WARN_SUSPICIOUS_MOVE = YES;
				CLANG_WARN_UNGUARDED_AVAILABILITY = YES_AGGRESSIVE;
				CLANG_WARN_UNREACHABLE_CODE = YES;
				CLANG_WARN__DUPLICATE_METHOD_MATCH = YES;
				COPY_PHASE_STRIP = NO;
				DEBUG_INFORMATION_FORMAT = "dwarf-with-dsym";
				ENABLE_NS_ASSERTIONS = NO;
				ENABLE_STRICT_OBJC_MSGSEND = YES;
				GCC_C_LANGUAGE_STANDARD = gnu11;
				GCC_NO_COMMON_BLOCKS = YES;
				GCC_WARN_64_TO_32_BIT_CONVERSION = YES;
				GCC_WARN_ABOUT_RETURN_TYPE = YES_ERROR;
				GCC_WARN_UNDECLARED_SELECTOR = YES;
				GCC_WARN_UNINITIALIZED_AUTOS = YES_AGGRESSIVE;
				GCC_WARN_UNUSED_FUNCTION = YES;
				GCC_WARN_UNUSED_VARIABLE = YES;
				IPHONEOS_DEPLOYMENT_TARGET = 13.6;
				MTL_ENABLE_DEBUG_INFO = NO;
				MTL_FAST_MATH = YES;
				SDKROOT = iphoneos;
				SWIFT_COMPILATION_MODE = wholemodule;
				SWIFT_OPTIMIZATION_LEVEL = "-O";
				VALIDATE_PRODUCT = YES;
			};
			name = Release;
		};
		6326355A251DE1A90015315E /* Debug */ = {
			isa = XCBuildConfiguration;
			baseConfigurationReference = 1E72B8362508E3ABD9CEF348 /* Pods-Sonaeru.debug.xcconfig */;
			buildSettings = {
				ASSETCATALOG_COMPILER_APPICON_NAME = AppIcon;
				CODE_SIGN_STYLE = Automatic;
				DEVELOPMENT_TEAM = 6F53DA3D67;
				INFOPLIST_FILE = Sonaeru/Info.plist;
				LD_RUNPATH_SEARCH_PATHS = (
					"$(inherited)",
					"@executable_path/Frameworks",
				);
				PRODUCT_BUNDLE_IDENTIFIER = net.ayumutazawa.Sonaeru;
				PRODUCT_NAME = "$(TARGET_NAME)";
				SWIFT_VERSION = 5.0;
				TARGETED_DEVICE_FAMILY = "1,2";
			};
			name = Debug;
		};
		6326355B251DE1A90015315E /* Release */ = {
			isa = XCBuildConfiguration;
			baseConfigurationReference = B2067C6CEB60832571E04078 /* Pods-Sonaeru.release.xcconfig */;
			buildSettings = {
				ASSETCATALOG_COMPILER_APPICON_NAME = AppIcon;
				CODE_SIGN_STYLE = Automatic;
				DEVELOPMENT_TEAM = 6F53DA3D67;
				INFOPLIST_FILE = Sonaeru/Info.plist;
				LD_RUNPATH_SEARCH_PATHS = (
					"$(inherited)",
					"@executable_path/Frameworks",
				);
				PRODUCT_BUNDLE_IDENTIFIER = net.ayumutazawa.Sonaeru;
				PRODUCT_NAME = "$(TARGET_NAME)";
				SWIFT_VERSION = 5.0;
				TARGETED_DEVICE_FAMILY = "1,2";
			};
			name = Release;
		};
/* End XCBuildConfiguration section */

/* Begin XCConfigurationList section */
		63263540251DE1A60015315E /* Build configuration list for PBXProject "Sonaeru" */ = {
			isa = XCConfigurationList;
			buildConfigurations = (
				63263557251DE1A90015315E /* Debug */,
				63263558251DE1A90015315E /* Release */,
			);
			defaultConfigurationIsVisible = 0;
			defaultConfigurationName = Release;
		};
		63263559251DE1A90015315E /* Build configuration list for PBXNativeTarget "Sonaeru" */ = {
			isa = XCConfigurationList;
			buildConfigurations = (
				6326355A251DE1A90015315E /* Debug */,
				6326355B251DE1A90015315E /* Release */,
			);
			defaultConfigurationIsVisible = 0;
			defaultConfigurationName = Release;
		};
/* End XCConfigurationList section */
	};
	rootObject = 6326353D251DE1A60015315E /* Project object */;
}
